// !$*UTF8*$!
{
	archiveVersion = 1;
	classes = {
	};
	objectVersion = 56;
	objects = {

/* Begin PBXBuildFile section */
		9D0AB9742A8170F900946AF1 /* mapTexture.png in Resources */ = {isa = PBXBuildFile; fileRef = 9D0AB9732A8170F900946AF1 /* mapTexture.png */; };
		9D0AB9772A8176A200946AF1 /* TextureController.swift in Sources */ = {isa = PBXBuildFile; fileRef = 9D0AB9762A8176A200946AF1 /* TextureController.swift */; };
		9D0AB97A2A81780700946AF1 /* TexturesIndex+Extensions.swift in Sources */ = {isa = PBXBuildFile; fileRef = 9D0AB9792A81780700946AF1 /* TexturesIndex+Extensions.swift */; };
		9D22CF552A3B6F26001EE215 /* GlobusSphere.swift in Sources */ = {isa = PBXBuildFile; fileRef = 9D22CF542A3B6F26001EE215 /* GlobusSphere.swift */; };
		9D65F37C2A8F5EA4001C299E /* map_equirectangular.png in Resources */ = {isa = PBXBuildFile; fileRef = 9D65F37B2A8F5EA4001C299E /* map_equirectangular.png */; };
		9D6B35F22A54B112004D5A10 /* MathLibrary.swift in Sources */ = {isa = PBXBuildFile; fileRef = 9D6B35F12A54B112004D5A10 /* MathLibrary.swift */; };
		9D80DEB02AAA3CEA008BE792 /* 3-1-3_rect.png in Resources */ = {isa = PBXBuildFile; fileRef = 9D80DE702AAA3CE8008BE792 /* 3-1-3_rect.png */; };
		9D80DEB12AAA3CEA008BE792 /* 3-0-5_rect.png in Resources */ = {isa = PBXBuildFile; fileRef = 9D80DE712AAA3CE8008BE792 /* 3-0-5_rect.png */; };
		9D80DEB22AAA3CEA008BE792 /* 3-7-1_rect.png in Resources */ = {isa = PBXBuildFile; fileRef = 9D80DE722AAA3CE8008BE792 /* 3-7-1_rect.png */; };
		9D80DEB32AAA3CEA008BE792 /* 3-4-4_rect.png in Resources */ = {isa = PBXBuildFile; fileRef = 9D80DE732AAA3CE8008BE792 /* 3-4-4_rect.png */; };
		9D80DEB42AAA3CEA008BE792 /* 3-3-0_rect.png in Resources */ = {isa = PBXBuildFile; fileRef = 9D80DE742AAA3CE8008BE792 /* 3-3-0_rect.png */; };
		9D80DEB52AAA3CEA008BE792 /* 3-3-2_rect.png in Resources */ = {isa = PBXBuildFile; fileRef = 9D80DE752AAA3CE8008BE792 /* 3-3-2_rect.png */; };
		9D80DEB62AAA3CEA008BE792 /* 3-5-3_rect.png in Resources */ = {isa = PBXBuildFile; fileRef = 9D80DE762AAA3CE8008BE792 /* 3-5-3_rect.png */; };
		9D80DEB72AAA3CEA008BE792 /* 3-2-0_rect.png in Resources */ = {isa = PBXBuildFile; fileRef = 9D80DE772AAA3CE8008BE792 /* 3-2-0_rect.png */; };
		9D80DEB82AAA3CEA008BE792 /* 3-6-7_rect.png in Resources */ = {isa = PBXBuildFile; fileRef = 9D80DE782AAA3CE8008BE792 /* 3-6-7_rect.png */; };
		9D80DEB92AAA3CEA008BE792 /* 3-2-4_rect.png in Resources */ = {isa = PBXBuildFile; fileRef = 9D80DE792AAA3CE8008BE792 /* 3-2-4_rect.png */; };
		9D80DEBA2AAA3CEA008BE792 /* 3-2-3_rect.png in Resources */ = {isa = PBXBuildFile; fileRef = 9D80DE7A2AAA3CE8008BE792 /* 3-2-3_rect.png */; };
		9D80DEBB2AAA3CEA008BE792 /* 3-4-5_rect.png in Resources */ = {isa = PBXBuildFile; fileRef = 9D80DE7B2AAA3CE8008BE792 /* 3-4-5_rect.png */; };
		9D80DEBC2AAA3CEA008BE792 /* 3-4-1_rect.png in Resources */ = {isa = PBXBuildFile; fileRef = 9D80DE7C2AAA3CE8008BE792 /* 3-4-1_rect.png */; };
		9D80DEBD2AAA3CEA008BE792 /* 3-7-5_rect.png in Resources */ = {isa = PBXBuildFile; fileRef = 9D80DE7D2AAA3CE9008BE792 /* 3-7-5_rect.png */; };
		9D80DEBE2AAA3CEA008BE792 /* 3-4-6_rect.png in Resources */ = {isa = PBXBuildFile; fileRef = 9D80DE7E2AAA3CE9008BE792 /* 3-4-6_rect.png */; };
		9D80DEBF2AAA3CEA008BE792 /* 3-5-6_rect.png in Resources */ = {isa = PBXBuildFile; fileRef = 9D80DE7F2AAA3CE9008BE792 /* 3-5-6_rect.png */; };
		9D80DEC02AAA3CEA008BE792 /* 3-3-3_rect.png in Resources */ = {isa = PBXBuildFile; fileRef = 9D80DE802AAA3CE9008BE792 /* 3-3-3_rect.png */; };
		9D80DEC12AAA3CEA008BE792 /* 3-6-6_rect.png in Resources */ = {isa = PBXBuildFile; fileRef = 9D80DE812AAA3CE9008BE792 /* 3-6-6_rect.png */; };
		9D80DEC22AAA3CEA008BE792 /* 3-5-5_rect.png in Resources */ = {isa = PBXBuildFile; fileRef = 9D80DE822AAA3CE9008BE792 /* 3-5-5_rect.png */; };
		9D80DEC32AAA3CEA008BE792 /* 3-1-0_rect.png in Resources */ = {isa = PBXBuildFile; fileRef = 9D80DE832AAA3CE9008BE792 /* 3-1-0_rect.png */; };
		9D80DEC42AAA3CEA008BE792 /* 3-4-7_rect.png in Resources */ = {isa = PBXBuildFile; fileRef = 9D80DE842AAA3CE9008BE792 /* 3-4-7_rect.png */; };
		9D80DEC52AAA3CEA008BE792 /* 3-7-6_rect.png in Resources */ = {isa = PBXBuildFile; fileRef = 9D80DE852AAA3CE9008BE792 /* 3-7-6_rect.png */; };
		9D80DEC62AAA3CEA008BE792 /* 3-2-5_rect.png in Resources */ = {isa = PBXBuildFile; fileRef = 9D80DE862AAA3CE9008BE792 /* 3-2-5_rect.png */; };
		9D80DEC72AAA3CEA008BE792 /* 3-1-7_rect.png in Resources */ = {isa = PBXBuildFile; fileRef = 9D80DE872AAA3CE9008BE792 /* 3-1-7_rect.png */; };
		9D80DEC82AAA3CEA008BE792 /* 3-0-6_rect.png in Resources */ = {isa = PBXBuildFile; fileRef = 9D80DE882AAA3CE9008BE792 /* 3-0-6_rect.png */; };
		9D80DEC92AAA3CEA008BE792 /* 3-1-1_rect.png in Resources */ = {isa = PBXBuildFile; fileRef = 9D80DE892AAA3CE9008BE792 /* 3-1-1_rect.png */; };
		9D80DECA2AAA3CEA008BE792 /* 3-2-6_rect.png in Resources */ = {isa = PBXBuildFile; fileRef = 9D80DE8A2AAA3CE9008BE792 /* 3-2-6_rect.png */; };
		9D80DECB2AAA3CEA008BE792 /* 3-5-7_rect.png in Resources */ = {isa = PBXBuildFile; fileRef = 9D80DE8B2AAA3CE9008BE792 /* 3-5-7_rect.png */; };
		9D80DECC2AAA3CEA008BE792 /* 3-1-6_rect.png in Resources */ = {isa = PBXBuildFile; fileRef = 9D80DE8C2AAA3CE9008BE792 /* 3-1-6_rect.png */; };
		9D80DECD2AAA3CEA008BE792 /* 3-0-4_rect.png in Resources */ = {isa = PBXBuildFile; fileRef = 9D80DE8D2AAA3CE9008BE792 /* 3-0-4_rect.png */; };
		9D80DECE2AAA3CEA008BE792 /* 3-0-3_rect.png in Resources */ = {isa = PBXBuildFile; fileRef = 9D80DE8E2AAA3CE9008BE792 /* 3-0-3_rect.png */; };
		9D80DECF2AAA3CEA008BE792 /* 3-4-0_rect.png in Resources */ = {isa = PBXBuildFile; fileRef = 9D80DE8F2AAA3CE9008BE792 /* 3-4-0_rect.png */; };
		9D80DED02AAA3CEA008BE792 /* 3-3-6_rect.png in Resources */ = {isa = PBXBuildFile; fileRef = 9D80DE902AAA3CE9008BE792 /* 3-3-6_rect.png */; };
		9D80DED12AAA3CEA008BE792 /* 3-1-2_rect.png in Resources */ = {isa = PBXBuildFile; fileRef = 9D80DE912AAA3CE9008BE792 /* 3-1-2_rect.png */; };
		9D80DED22AAA3CEA008BE792 /* 3-2-7_rect.png in Resources */ = {isa = PBXBuildFile; fileRef = 9D80DE922AAA3CE9008BE792 /* 3-2-7_rect.png */; };
		9D80DED32AAA3CEA008BE792 /* 3-0-0_rect.png in Resources */ = {isa = PBXBuildFile; fileRef = 9D80DE932AAA3CE9008BE792 /* 3-0-0_rect.png */; };
		9D80DED42AAA3CEA008BE792 /* 3-6-1_rect.png in Resources */ = {isa = PBXBuildFile; fileRef = 9D80DE942AAA3CE9008BE792 /* 3-6-1_rect.png */; };
		9D80DED52AAA3CEA008BE792 /* 3-5-4_rect.png in Resources */ = {isa = PBXBuildFile; fileRef = 9D80DE952AAA3CE9008BE792 /* 3-5-4_rect.png */; };
		9D80DED62AAA3CEA008BE792 /* 3-4-2_rect.png in Resources */ = {isa = PBXBuildFile; fileRef = 9D80DE962AAA3CE9008BE792 /* 3-4-2_rect.png */; };
		9D80DED72AAA3CEA008BE792 /* 3-5-0_rect.png in Resources */ = {isa = PBXBuildFile; fileRef = 9D80DE972AAA3CE9008BE792 /* 3-5-0_rect.png */; };
		9D80DED82AAA3CEA008BE792 /* 3-7-7_rect.png in Resources */ = {isa = PBXBuildFile; fileRef = 9D80DE982AAA3CE9008BE792 /* 3-7-7_rect.png */; };
		9D80DED92AAA3CEA008BE792 /* 3-1-5_rect.png in Resources */ = {isa = PBXBuildFile; fileRef = 9D80DE992AAA3CE9008BE792 /* 3-1-5_rect.png */; };
		9D80DEDA2AAA3CEA008BE792 /* 3-0-2_rect.png in Resources */ = {isa = PBXBuildFile; fileRef = 9D80DE9A2AAA3CE9008BE792 /* 3-0-2_rect.png */; };
		9D80DEDB2AAA3CEA008BE792 /* 3-0-1_rect.png in Resources */ = {isa = PBXBuildFile; fileRef = 9D80DE9B2AAA3CE9008BE792 /* 3-0-1_rect.png */; };
		9D80DEDC2AAA3CEA008BE792 /* 3-7-0_rect.png in Resources */ = {isa = PBXBuildFile; fileRef = 9D80DE9C2AAA3CE9008BE792 /* 3-7-0_rect.png */; };
		9D80DEDD2AAA3CEA008BE792 /* 3-7-2_rect.png in Resources */ = {isa = PBXBuildFile; fileRef = 9D80DE9D2AAA3CE9008BE792 /* 3-7-2_rect.png */; };
		9D80DEDE2AAA3CEA008BE792 /* 3-2-2_rect.png in Resources */ = {isa = PBXBuildFile; fileRef = 9D80DE9E2AAA3CE9008BE792 /* 3-2-2_rect.png */; };
		9D80DEDF2AAA3CEA008BE792 /* 3-5-1_rect.png in Resources */ = {isa = PBXBuildFile; fileRef = 9D80DE9F2AAA3CE9008BE792 /* 3-5-1_rect.png */; };
		9D80DEE02AAA3CEA008BE792 /* 3-6-2_rect.png in Resources */ = {isa = PBXBuildFile; fileRef = 9D80DEA02AAA3CE9008BE792 /* 3-6-2_rect.png */; };
		9D80DEE12AAA3CEA008BE792 /* 3-1-4_rect.png in Resources */ = {isa = PBXBuildFile; fileRef = 9D80DEA12AAA3CEA008BE792 /* 3-1-4_rect.png */; };
		9D80DEE22AAA3CEA008BE792 /* 3-2-1_rect.png in Resources */ = {isa = PBXBuildFile; fileRef = 9D80DEA22AAA3CEA008BE792 /* 3-2-1_rect.png */; };
		9D80DEE32AAA3CEA008BE792 /* 3-7-4_rect.png in Resources */ = {isa = PBXBuildFile; fileRef = 9D80DEA32AAA3CEA008BE792 /* 3-7-4_rect.png */; };
		9D80DEE42AAA3CEA008BE792 /* 3-3-7_rect.png in Resources */ = {isa = PBXBuildFile; fileRef = 9D80DEA42AAA3CEA008BE792 /* 3-3-7_rect.png */; };
		9D80DEE52AAA3CEA008BE792 /* 3-3-4_rect.png in Resources */ = {isa = PBXBuildFile; fileRef = 9D80DEA52AAA3CEA008BE792 /* 3-3-4_rect.png */; };
		9D80DEE62AAA3CEA008BE792 /* 3-0-7_rect.png in Resources */ = {isa = PBXBuildFile; fileRef = 9D80DEA62AAA3CEA008BE792 /* 3-0-7_rect.png */; };
		9D80DEE72AAA3CEA008BE792 /* 3-3-5_rect.png in Resources */ = {isa = PBXBuildFile; fileRef = 9D80DEA72AAA3CEA008BE792 /* 3-3-5_rect.png */; };
		9D80DEE82AAA3CEA008BE792 /* 3-6-4_rect.png in Resources */ = {isa = PBXBuildFile; fileRef = 9D80DEA82AAA3CEA008BE792 /* 3-6-4_rect.png */; };
		9D80DEE92AAA3CEA008BE792 /* 3-4-3_rect.png in Resources */ = {isa = PBXBuildFile; fileRef = 9D80DEA92AAA3CEA008BE792 /* 3-4-3_rect.png */; };
		9D80DEEA2AAA3CEA008BE792 /* 3-7-3_rect.png in Resources */ = {isa = PBXBuildFile; fileRef = 9D80DEAA2AAA3CEA008BE792 /* 3-7-3_rect.png */; };
		9D80DEEB2AAA3CEA008BE792 /* 3-6-0_rect.png in Resources */ = {isa = PBXBuildFile; fileRef = 9D80DEAB2AAA3CEA008BE792 /* 3-6-0_rect.png */; };
		9D80DEEC2AAA3CEA008BE792 /* 3-5-2_rect.png in Resources */ = {isa = PBXBuildFile; fileRef = 9D80DEAC2AAA3CEA008BE792 /* 3-5-2_rect.png */; };
		9D80DEED2AAA3CEA008BE792 /* 3-6-3_rect.png in Resources */ = {isa = PBXBuildFile; fileRef = 9D80DEAD2AAA3CEA008BE792 /* 3-6-3_rect.png */; };
		9D80DEEE2AAA3CEA008BE792 /* 3-3-1_rect.png in Resources */ = {isa = PBXBuildFile; fileRef = 9D80DEAE2AAA3CEA008BE792 /* 3-3-1_rect.png */; };
		9D80DEEF2AAA3CEA008BE792 /* 3-6-5_rect.png in Resources */ = {isa = PBXBuildFile; fileRef = 9D80DEAF2AAA3CEA008BE792 /* 3-6-5_rect.png */; };
		9D80DEF22AAA3E31008BE792 /* Tile.swift in Sources */ = {isa = PBXBuildFile; fileRef = 9D80DEF12AAA3E31008BE792 /* Tile.swift */; };
		9DBEE69D2A3607B900C2567D /* GlobusApp.swift in Sources */ = {isa = PBXBuildFile; fileRef = 9DBEE69C2A3607B900C2567D /* GlobusApp.swift */; };
		9DBEE69F2A3607B900C2567D /* ContentView.swift in Sources */ = {isa = PBXBuildFile; fileRef = 9DBEE69E2A3607B900C2567D /* ContentView.swift */; };
		9DBEE6A12A3607BA00C2567D /* Assets.xcassets in Resources */ = {isa = PBXBuildFile; fileRef = 9DBEE6A02A3607BA00C2567D /* Assets.xcassets */; };
		9DBEE6A52A3607BA00C2567D /* Preview Assets.xcassets in Resources */ = {isa = PBXBuildFile; fileRef = 9DBEE6A42A3607BA00C2567D /* Preview Assets.xcassets */; };
		9DBEE6AD2A36086B00C2567D /* GlobusView.swift in Sources */ = {isa = PBXBuildFile; fileRef = 9DBEE6AC2A36086B00C2567D /* GlobusView.swift */; };
		9DBEE6B02A36091C00C2567D /* RenderEngine.swift in Sources */ = {isa = PBXBuildFile; fileRef = 9DBEE6AF2A36091C00C2567D /* RenderEngine.swift */; };
		9DBEE6B32A360D1500C2567D /* GeneralShader.metal in Sources */ = {isa = PBXBuildFile; fileRef = 9DBEE6B22A360D1500C2567D /* GeneralShader.metal */; };
/* End PBXBuildFile section */

/* Begin PBXFileReference section */
		9D0AB9732A8170F900946AF1 /* mapTexture.png */ = {isa = PBXFileReference; lastKnownFileType = image.png; path = mapTexture.png; sourceTree = "<group>"; };
		9D0AB9762A8176A200946AF1 /* TextureController.swift */ = {isa = PBXFileReference; fileEncoding = 4; lastKnownFileType = sourcecode.swift; path = TextureController.swift; sourceTree = "<group>"; };
		9D0AB9792A81780700946AF1 /* TexturesIndex+Extensions.swift */ = {isa = PBXFileReference; lastKnownFileType = sourcecode.swift; path = "TexturesIndex+Extensions.swift"; sourceTree = "<group>"; };
		9D22CF542A3B6F26001EE215 /* GlobusSphere.swift */ = {isa = PBXFileReference; lastKnownFileType = sourcecode.swift; path = GlobusSphere.swift; sourceTree = "<group>"; };
		9D65F37B2A8F5EA4001C299E /* map_equirectangular.png */ = {isa = PBXFileReference; lastKnownFileType = image.png; path = map_equirectangular.png; sourceTree = "<group>"; };
		9D6B35F12A54B112004D5A10 /* MathLibrary.swift */ = {isa = PBXFileReference; fileEncoding = 4; lastKnownFileType = sourcecode.swift; path = MathLibrary.swift; sourceTree = "<group>"; };
		9D80DE702AAA3CE8008BE792 /* 3-1-3_rect.png */ = {isa = PBXFileReference; lastKnownFileType = image.png; path = "3-1-3_rect.png"; sourceTree = "<group>"; };
		9D80DE712AAA3CE8008BE792 /* 3-0-5_rect.png */ = {isa = PBXFileReference; lastKnownFileType = image.png; path = "3-0-5_rect.png"; sourceTree = "<group>"; };
		9D80DE722AAA3CE8008BE792 /* 3-7-1_rect.png */ = {isa = PBXFileReference; lastKnownFileType = image.png; path = "3-7-1_rect.png"; sourceTree = "<group>"; };
		9D80DE732AAA3CE8008BE792 /* 3-4-4_rect.png */ = {isa = PBXFileReference; lastKnownFileType = image.png; path = "3-4-4_rect.png"; sourceTree = "<group>"; };
		9D80DE742AAA3CE8008BE792 /* 3-3-0_rect.png */ = {isa = PBXFileReference; lastKnownFileType = image.png; path = "3-3-0_rect.png"; sourceTree = "<group>"; };
		9D80DE752AAA3CE8008BE792 /* 3-3-2_rect.png */ = {isa = PBXFileReference; lastKnownFileType = image.png; path = "3-3-2_rect.png"; sourceTree = "<group>"; };
		9D80DE762AAA3CE8008BE792 /* 3-5-3_rect.png */ = {isa = PBXFileReference; lastKnownFileType = image.png; path = "3-5-3_rect.png"; sourceTree = "<group>"; };
		9D80DE772AAA3CE8008BE792 /* 3-2-0_rect.png */ = {isa = PBXFileReference; lastKnownFileType = image.png; path = "3-2-0_rect.png"; sourceTree = "<group>"; };
		9D80DE782AAA3CE8008BE792 /* 3-6-7_rect.png */ = {isa = PBXFileReference; lastKnownFileType = image.png; path = "3-6-7_rect.png"; sourceTree = "<group>"; };
		9D80DE792AAA3CE8008BE792 /* 3-2-4_rect.png */ = {isa = PBXFileReference; lastKnownFileType = image.png; path = "3-2-4_rect.png"; sourceTree = "<group>"; };
		9D80DE7A2AAA3CE8008BE792 /* 3-2-3_rect.png */ = {isa = PBXFileReference; lastKnownFileType = image.png; path = "3-2-3_rect.png"; sourceTree = "<group>"; };
		9D80DE7B2AAA3CE8008BE792 /* 3-4-5_rect.png */ = {isa = PBXFileReference; lastKnownFileType = image.png; path = "3-4-5_rect.png"; sourceTree = "<group>"; };
		9D80DE7C2AAA3CE8008BE792 /* 3-4-1_rect.png */ = {isa = PBXFileReference; lastKnownFileType = image.png; path = "3-4-1_rect.png"; sourceTree = "<group>"; };
		9D80DE7D2AAA3CE9008BE792 /* 3-7-5_rect.png */ = {isa = PBXFileReference; lastKnownFileType = image.png; path = "3-7-5_rect.png"; sourceTree = "<group>"; };
		9D80DE7E2AAA3CE9008BE792 /* 3-4-6_rect.png */ = {isa = PBXFileReference; lastKnownFileType = image.png; path = "3-4-6_rect.png"; sourceTree = "<group>"; };
		9D80DE7F2AAA3CE9008BE792 /* 3-5-6_rect.png */ = {isa = PBXFileReference; lastKnownFileType = image.png; path = "3-5-6_rect.png"; sourceTree = "<group>"; };
		9D80DE802AAA3CE9008BE792 /* 3-3-3_rect.png */ = {isa = PBXFileReference; lastKnownFileType = image.png; path = "3-3-3_rect.png"; sourceTree = "<group>"; };
		9D80DE812AAA3CE9008BE792 /* 3-6-6_rect.png */ = {isa = PBXFileReference; lastKnownFileType = image.png; path = "3-6-6_rect.png"; sourceTree = "<group>"; };
		9D80DE822AAA3CE9008BE792 /* 3-5-5_rect.png */ = {isa = PBXFileReference; lastKnownFileType = image.png; path = "3-5-5_rect.png"; sourceTree = "<group>"; };
		9D80DE832AAA3CE9008BE792 /* 3-1-0_rect.png */ = {isa = PBXFileReference; lastKnownFileType = image.png; path = "3-1-0_rect.png"; sourceTree = "<group>"; };
		9D80DE842AAA3CE9008BE792 /* 3-4-7_rect.png */ = {isa = PBXFileReference; lastKnownFileType = image.png; path = "3-4-7_rect.png"; sourceTree = "<group>"; };
		9D80DE852AAA3CE9008BE792 /* 3-7-6_rect.png */ = {isa = PBXFileReference; lastKnownFileType = image.png; path = "3-7-6_rect.png"; sourceTree = "<group>"; };
		9D80DE862AAA3CE9008BE792 /* 3-2-5_rect.png */ = {isa = PBXFileReference; lastKnownFileType = image.png; path = "3-2-5_rect.png"; sourceTree = "<group>"; };
		9D80DE872AAA3CE9008BE792 /* 3-1-7_rect.png */ = {isa = PBXFileReference; lastKnownFileType = image.png; path = "3-1-7_rect.png"; sourceTree = "<group>"; };
		9D80DE882AAA3CE9008BE792 /* 3-0-6_rect.png */ = {isa = PBXFileReference; lastKnownFileType = image.png; path = "3-0-6_rect.png"; sourceTree = "<group>"; };
		9D80DE892AAA3CE9008BE792 /* 3-1-1_rect.png */ = {isa = PBXFileReference; lastKnownFileType = image.png; path = "3-1-1_rect.png"; sourceTree = "<group>"; };
		9D80DE8A2AAA3CE9008BE792 /* 3-2-6_rect.png */ = {isa = PBXFileReference; lastKnownFileType = image.png; path = "3-2-6_rect.png"; sourceTree = "<group>"; };
		9D80DE8B2AAA3CE9008BE792 /* 3-5-7_rect.png */ = {isa = PBXFileReference; lastKnownFileType = image.png; path = "3-5-7_rect.png"; sourceTree = "<group>"; };
		9D80DE8C2AAA3CE9008BE792 /* 3-1-6_rect.png */ = {isa = PBXFileReference; lastKnownFileType = image.png; path = "3-1-6_rect.png"; sourceTree = "<group>"; };
		9D80DE8D2AAA3CE9008BE792 /* 3-0-4_rect.png */ = {isa = PBXFileReference; lastKnownFileType = image.png; path = "3-0-4_rect.png"; sourceTree = "<group>"; };
		9D80DE8E2AAA3CE9008BE792 /* 3-0-3_rect.png */ = {isa = PBXFileReference; lastKnownFileType = image.png; path = "3-0-3_rect.png"; sourceTree = "<group>"; };
		9D80DE8F2AAA3CE9008BE792 /* 3-4-0_rect.png */ = {isa = PBXFileReference; lastKnownFileType = image.png; path = "3-4-0_rect.png"; sourceTree = "<group>"; };
		9D80DE902AAA3CE9008BE792 /* 3-3-6_rect.png */ = {isa = PBXFileReference; lastKnownFileType = image.png; path = "3-3-6_rect.png"; sourceTree = "<group>"; };
		9D80DE912AAA3CE9008BE792 /* 3-1-2_rect.png */ = {isa = PBXFileReference; lastKnownFileType = image.png; path = "3-1-2_rect.png"; sourceTree = "<group>"; };
		9D80DE922AAA3CE9008BE792 /* 3-2-7_rect.png */ = {isa = PBXFileReference; lastKnownFileType = image.png; path = "3-2-7_rect.png"; sourceTree = "<group>"; };
		9D80DE932AAA3CE9008BE792 /* 3-0-0_rect.png */ = {isa = PBXFileReference; lastKnownFileType = image.png; path = "3-0-0_rect.png"; sourceTree = "<group>"; };
		9D80DE942AAA3CE9008BE792 /* 3-6-1_rect.png */ = {isa = PBXFileReference; lastKnownFileType = image.png; path = "3-6-1_rect.png"; sourceTree = "<group>"; };
		9D80DE952AAA3CE9008BE792 /* 3-5-4_rect.png */ = {isa = PBXFileReference; lastKnownFileType = image.png; path = "3-5-4_rect.png"; sourceTree = "<group>"; };
		9D80DE962AAA3CE9008BE792 /* 3-4-2_rect.png */ = {isa = PBXFileReference; lastKnownFileType = image.png; path = "3-4-2_rect.png"; sourceTree = "<group>"; };
		9D80DE972AAA3CE9008BE792 /* 3-5-0_rect.png */ = {isa = PBXFileReference; lastKnownFileType = image.png; path = "3-5-0_rect.png"; sourceTree = "<group>"; };
		9D80DE982AAA3CE9008BE792 /* 3-7-7_rect.png */ = {isa = PBXFileReference; lastKnownFileType = image.png; path = "3-7-7_rect.png"; sourceTree = "<group>"; };
		9D80DE992AAA3CE9008BE792 /* 3-1-5_rect.png */ = {isa = PBXFileReference; lastKnownFileType = image.png; path = "3-1-5_rect.png"; sourceTree = "<group>"; };
		9D80DE9A2AAA3CE9008BE792 /* 3-0-2_rect.png */ = {isa = PBXFileReference; lastKnownFileType = image.png; path = "3-0-2_rect.png"; sourceTree = "<group>"; };
		9D80DE9B2AAA3CE9008BE792 /* 3-0-1_rect.png */ = {isa = PBXFileReference; lastKnownFileType = image.png; path = "3-0-1_rect.png"; sourceTree = "<group>"; };
		9D80DE9C2AAA3CE9008BE792 /* 3-7-0_rect.png */ = {isa = PBXFileReference; lastKnownFileType = image.png; path = "3-7-0_rect.png"; sourceTree = "<group>"; };
		9D80DE9D2AAA3CE9008BE792 /* 3-7-2_rect.png */ = {isa = PBXFileReference; lastKnownFileType = image.png; path = "3-7-2_rect.png"; sourceTree = "<group>"; };
		9D80DE9E2AAA3CE9008BE792 /* 3-2-2_rect.png */ = {isa = PBXFileReference; lastKnownFileType = image.png; path = "3-2-2_rect.png"; sourceTree = "<group>"; };
		9D80DE9F2AAA3CE9008BE792 /* 3-5-1_rect.png */ = {isa = PBXFileReference; lastKnownFileType = image.png; path = "3-5-1_rect.png"; sourceTree = "<group>"; };
		9D80DEA02AAA3CE9008BE792 /* 3-6-2_rect.png */ = {isa = PBXFileReference; lastKnownFileType = image.png; path = "3-6-2_rect.png"; sourceTree = "<group>"; };
		9D80DEA12AAA3CEA008BE792 /* 3-1-4_rect.png */ = {isa = PBXFileReference; lastKnownFileType = image.png; path = "3-1-4_rect.png"; sourceTree = "<group>"; };
		9D80DEA22AAA3CEA008BE792 /* 3-2-1_rect.png */ = {isa = PBXFileReference; lastKnownFileType = image.png; path = "3-2-1_rect.png"; sourceTree = "<group>"; };
		9D80DEA32AAA3CEA008BE792 /* 3-7-4_rect.png */ = {isa = PBXFileReference; lastKnownFileType = image.png; path = "3-7-4_rect.png"; sourceTree = "<group>"; };
		9D80DEA42AAA3CEA008BE792 /* 3-3-7_rect.png */ = {isa = PBXFileReference; lastKnownFileType = image.png; path = "3-3-7_rect.png"; sourceTree = "<group>"; };
		9D80DEA52AAA3CEA008BE792 /* 3-3-4_rect.png */ = {isa = PBXFileReference; lastKnownFileType = image.png; path = "3-3-4_rect.png"; sourceTree = "<group>"; };
		9D80DEA62AAA3CEA008BE792 /* 3-0-7_rect.png */ = {isa = PBXFileReference; lastKnownFileType = image.png; path = "3-0-7_rect.png"; sourceTree = "<group>"; };
		9D80DEA72AAA3CEA008BE792 /* 3-3-5_rect.png */ = {isa = PBXFileReference; lastKnownFileType = image.png; path = "3-3-5_rect.png"; sourceTree = "<group>"; };
		9D80DEA82AAA3CEA008BE792 /* 3-6-4_rect.png */ = {isa = PBXFileReference; lastKnownFileType = image.png; path = "3-6-4_rect.png"; sourceTree = "<group>"; };
		9D80DEA92AAA3CEA008BE792 /* 3-4-3_rect.png */ = {isa = PBXFileReference; lastKnownFileType = image.png; path = "3-4-3_rect.png"; sourceTree = "<group>"; };
		9D80DEAA2AAA3CEA008BE792 /* 3-7-3_rect.png */ = {isa = PBXFileReference; lastKnownFileType = image.png; path = "3-7-3_rect.png"; sourceTree = "<group>"; };
		9D80DEAB2AAA3CEA008BE792 /* 3-6-0_rect.png */ = {isa = PBXFileReference; lastKnownFileType = image.png; path = "3-6-0_rect.png"; sourceTree = "<group>"; };
		9D80DEAC2AAA3CEA008BE792 /* 3-5-2_rect.png */ = {isa = PBXFileReference; lastKnownFileType = image.png; path = "3-5-2_rect.png"; sourceTree = "<group>"; };
		9D80DEAD2AAA3CEA008BE792 /* 3-6-3_rect.png */ = {isa = PBXFileReference; lastKnownFileType = image.png; path = "3-6-3_rect.png"; sourceTree = "<group>"; };
		9D80DEAE2AAA3CEA008BE792 /* 3-3-1_rect.png */ = {isa = PBXFileReference; lastKnownFileType = image.png; path = "3-3-1_rect.png"; sourceTree = "<group>"; };
		9D80DEAF2AAA3CEA008BE792 /* 3-6-5_rect.png */ = {isa = PBXFileReference; lastKnownFileType = image.png; path = "3-6-5_rect.png"; sourceTree = "<group>"; };
		9D80DEF12AAA3E31008BE792 /* Tile.swift */ = {isa = PBXFileReference; lastKnownFileType = sourcecode.swift; path = Tile.swift; sourceTree = "<group>"; };
		9DA6A6BF2A7CB0E7004EE112 /* General.h */ = {isa = PBXFileReference; lastKnownFileType = sourcecode.c.h; path = General.h; sourceTree = "<group>"; };
		9DBEE6992A3607B900C2567D /* Globus.app */ = {isa = PBXFileReference; explicitFileType = wrapper.application; includeInIndex = 0; path = Globus.app; sourceTree = BUILT_PRODUCTS_DIR; };
		9DBEE69C2A3607B900C2567D /* GlobusApp.swift */ = {isa = PBXFileReference; lastKnownFileType = sourcecode.swift; path = GlobusApp.swift; sourceTree = "<group>"; };
		9DBEE69E2A3607B900C2567D /* ContentView.swift */ = {isa = PBXFileReference; lastKnownFileType = sourcecode.swift; path = ContentView.swift; sourceTree = "<group>"; };
		9DBEE6A02A3607BA00C2567D /* Assets.xcassets */ = {isa = PBXFileReference; lastKnownFileType = folder.assetcatalog; path = Assets.xcassets; sourceTree = "<group>"; };
		9DBEE6A22A3607BA00C2567D /* Globus.entitlements */ = {isa = PBXFileReference; lastKnownFileType = text.plist.entitlements; path = Globus.entitlements; sourceTree = "<group>"; };
		9DBEE6A42A3607BA00C2567D /* Preview Assets.xcassets */ = {isa = PBXFileReference; lastKnownFileType = folder.assetcatalog; path = "Preview Assets.xcassets"; sourceTree = "<group>"; };
		9DBEE6AC2A36086B00C2567D /* GlobusView.swift */ = {isa = PBXFileReference; lastKnownFileType = sourcecode.swift; path = GlobusView.swift; sourceTree = "<group>"; };
		9DBEE6AF2A36091C00C2567D /* RenderEngine.swift */ = {isa = PBXFileReference; lastKnownFileType = sourcecode.swift; path = RenderEngine.swift; sourceTree = "<group>"; };
		9DBEE6B22A360D1500C2567D /* GeneralShader.metal */ = {isa = PBXFileReference; lastKnownFileType = sourcecode.metal; path = GeneralShader.metal; sourceTree = "<group>"; };
/* End PBXFileReference section */

/* Begin PBXFrameworksBuildPhase section */
		9DBEE6962A3607B900C2567D /* Frameworks */ = {
			isa = PBXFrameworksBuildPhase;
			buildActionMask = 2147483647;
			files = (
			);
			runOnlyForDeploymentPostprocessing = 0;
		};
/* End PBXFrameworksBuildPhase section */

/* Begin PBXGroup section */
		9D0AB9722A8170D100946AF1 /* Resources */ = {
			isa = PBXGroup;
			children = (
				9D80DE6F2AAA3CB3008BE792 /* zoom_3 */,
				9D65F37B2A8F5EA4001C299E /* map_equirectangular.png */,
				9D0AB9732A8170F900946AF1 /* mapTexture.png */,
			);
			path = Resources;
			sourceTree = "<group>";
		};
		9D0AB9752A81768A00946AF1 /* Texture */ = {
			isa = PBXGroup;
			children = (
				9D0AB9762A8176A200946AF1 /* TextureController.swift */,
			);
			path = Texture;
			sourceTree = "<group>";
		};
		9D0AB9782A81779B00946AF1 /* Extensions */ = {
			isa = PBXGroup;
			children = (
				9D0AB9792A81780700946AF1 /* TexturesIndex+Extensions.swift */,
			);
			path = Extensions;
			sourceTree = "<group>";
		};
		9D22CF532A3B6EF5001EE215 /* ParametricSurfaces */ = {
			isa = PBXGroup;
			children = (
				9D80DEF02AAA3DDA008BE792 /* GlobusSurface */,
			);
			path = ParametricSurfaces;
			sourceTree = "<group>";
		};
		9D6B35F02A54B107004D5A10 /* Math */ = {
			isa = PBXGroup;
			children = (
				9D6B35F12A54B112004D5A10 /* MathLibrary.swift */,
			);
			path = Math;
			sourceTree = "<group>";
		};
		9D80DE6F2AAA3CB3008BE792 /* zoom_3 */ = {
			isa = PBXGroup;
			children = (
				9D80DE702AAA3CE8008BE792 /* 3-1-3_rect.png */,
				9D80DE932AAA3CE9008BE792 /* 3-0-0_rect.png */,
				9D80DE9B2AAA3CE9008BE792 /* 3-0-1_rect.png */,
				9D80DE9A2AAA3CE9008BE792 /* 3-0-2_rect.png */,
				9D80DE8E2AAA3CE9008BE792 /* 3-0-3_rect.png */,
				9D80DE8D2AAA3CE9008BE792 /* 3-0-4_rect.png */,
				9D80DE712AAA3CE8008BE792 /* 3-0-5_rect.png */,
				9D80DE882AAA3CE9008BE792 /* 3-0-6_rect.png */,
				9D80DEA62AAA3CEA008BE792 /* 3-0-7_rect.png */,
				9D80DE832AAA3CE9008BE792 /* 3-1-0_rect.png */,
				9D80DE892AAA3CE9008BE792 /* 3-1-1_rect.png */,
				9D80DE912AAA3CE9008BE792 /* 3-1-2_rect.png */,
				9D80DEA12AAA3CEA008BE792 /* 3-1-4_rect.png */,
				9D80DE992AAA3CE9008BE792 /* 3-1-5_rect.png */,
				9D80DE8C2AAA3CE9008BE792 /* 3-1-6_rect.png */,
				9D80DE872AAA3CE9008BE792 /* 3-1-7_rect.png */,
				9D80DE772AAA3CE8008BE792 /* 3-2-0_rect.png */,
				9D80DEA22AAA3CEA008BE792 /* 3-2-1_rect.png */,
				9D80DE9E2AAA3CE9008BE792 /* 3-2-2_rect.png */,
				9D80DE7A2AAA3CE8008BE792 /* 3-2-3_rect.png */,
				9D80DE792AAA3CE8008BE792 /* 3-2-4_rect.png */,
				9D80DE862AAA3CE9008BE792 /* 3-2-5_rect.png */,
				9D80DE8A2AAA3CE9008BE792 /* 3-2-6_rect.png */,
				9D80DE922AAA3CE9008BE792 /* 3-2-7_rect.png */,
				9D80DE742AAA3CE8008BE792 /* 3-3-0_rect.png */,
				9D80DEAE2AAA3CEA008BE792 /* 3-3-1_rect.png */,
				9D80DE752AAA3CE8008BE792 /* 3-3-2_rect.png */,
				9D80DE802AAA3CE9008BE792 /* 3-3-3_rect.png */,
				9D80DEA52AAA3CEA008BE792 /* 3-3-4_rect.png */,
				9D80DEA72AAA3CEA008BE792 /* 3-3-5_rect.png */,
				9D80DE902AAA3CE9008BE792 /* 3-3-6_rect.png */,
				9D80DEA42AAA3CEA008BE792 /* 3-3-7_rect.png */,
				9D80DE8F2AAA3CE9008BE792 /* 3-4-0_rect.png */,
				9D80DE7C2AAA3CE8008BE792 /* 3-4-1_rect.png */,
				9D80DE962AAA3CE9008BE792 /* 3-4-2_rect.png */,
				9D80DEA92AAA3CEA008BE792 /* 3-4-3_rect.png */,
				9D80DE732AAA3CE8008BE792 /* 3-4-4_rect.png */,
				9D80DE7B2AAA3CE8008BE792 /* 3-4-5_rect.png */,
				9D80DE7E2AAA3CE9008BE792 /* 3-4-6_rect.png */,
				9D80DE842AAA3CE9008BE792 /* 3-4-7_rect.png */,
				9D80DE972AAA3CE9008BE792 /* 3-5-0_rect.png */,
				9D80DE9F2AAA3CE9008BE792 /* 3-5-1_rect.png */,
				9D80DEAC2AAA3CEA008BE792 /* 3-5-2_rect.png */,
				9D80DE762AAA3CE8008BE792 /* 3-5-3_rect.png */,
				9D80DE952AAA3CE9008BE792 /* 3-5-4_rect.png */,
				9D80DE822AAA3CE9008BE792 /* 3-5-5_rect.png */,
				9D80DE7F2AAA3CE9008BE792 /* 3-5-6_rect.png */,
				9D80DE8B2AAA3CE9008BE792 /* 3-5-7_rect.png */,
				9D80DEAB2AAA3CEA008BE792 /* 3-6-0_rect.png */,
				9D80DE942AAA3CE9008BE792 /* 3-6-1_rect.png */,
				9D80DEA02AAA3CE9008BE792 /* 3-6-2_rect.png */,
				9D80DEAD2AAA3CEA008BE792 /* 3-6-3_rect.png */,
				9D80DEA82AAA3CEA008BE792 /* 3-6-4_rect.png */,
				9D80DEAF2AAA3CEA008BE792 /* 3-6-5_rect.png */,
				9D80DE812AAA3CE9008BE792 /* 3-6-6_rect.png */,
				9D80DE782AAA3CE8008BE792 /* 3-6-7_rect.png */,
				9D80DE9C2AAA3CE9008BE792 /* 3-7-0_rect.png */,
				9D80DE722AAA3CE8008BE792 /* 3-7-1_rect.png */,
				9D80DE9D2AAA3CE9008BE792 /* 3-7-2_rect.png */,
				9D80DEAA2AAA3CEA008BE792 /* 3-7-3_rect.png */,
				9D80DEA32AAA3CEA008BE792 /* 3-7-4_rect.png */,
				9D80DE7D2AAA3CE9008BE792 /* 3-7-5_rect.png */,
				9D80DE852AAA3CE9008BE792 /* 3-7-6_rect.png */,
				9D80DE982AAA3CE9008BE792 /* 3-7-7_rect.png */,
			);
			path = zoom_3;
			sourceTree = "<group>";
		};
		9D80DEF02AAA3DDA008BE792 /* GlobusSurface */ = {
			isa = PBXGroup;
			children = (
				9D22CF542A3B6F26001EE215 /* GlobusSphere.swift */,
				9D80DEF12AAA3E31008BE792 /* Tile.swift */,
			);
			path = GlobusSurface;
			sourceTree = "<group>";
		};
		9DBEE6902A3607B900C2567D = {
			isa = PBXGroup;
			children = (
				9DBEE69B2A3607B900C2567D /* Globus */,
				9DBEE69A2A3607B900C2567D /* Products */,
			);
			sourceTree = "<group>";
		};
		9DBEE69A2A3607B900C2567D /* Products */ = {
			isa = PBXGroup;
			children = (
				9DBEE6992A3607B900C2567D /* Globus.app */,
			);
			name = Products;
			sourceTree = "<group>";
		};
		9DBEE69B2A3607B900C2567D /* Globus */ = {
			isa = PBXGroup;
			children = (
				9DBEE69C2A3607B900C2567D /* GlobusApp.swift */,
				9DA6A6BF2A7CB0E7004EE112 /* General.h */,
				9D0AB9752A81768A00946AF1 /* Texture */,
				9D6B35F02A54B107004D5A10 /* Math */,
				9D22CF532A3B6EF5001EE215 /* ParametricSurfaces */,
				9DBEE6B12A360CF600C2567D /* Shaders */,
				9DBEE6AE2A3608E300C2567D /* RenderEngine */,
				9DBEE6AB2A36084200C2567D /* GlobusView */,
				9DBEE69E2A3607B900C2567D /* ContentView.swift */,
				9D0AB9782A81779B00946AF1 /* Extensions */,
				9DBEE6A02A3607BA00C2567D /* Assets.xcassets */,
				9DBEE6A22A3607BA00C2567D /* Globus.entitlements */,
				9DBEE6A32A3607BA00C2567D /* Preview Content */,
				9D0AB9722A8170D100946AF1 /* Resources */,
			);
			path = Globus;
			sourceTree = "<group>";
		};
		9DBEE6A32A3607BA00C2567D /* Preview Content */ = {
			isa = PBXGroup;
			children = (
				9DBEE6A42A3607BA00C2567D /* Preview Assets.xcassets */,
			);
			path = "Preview Content";
			sourceTree = "<group>";
		};
		9DBEE6AB2A36084200C2567D /* GlobusView */ = {
			isa = PBXGroup;
			children = (
				9DBEE6AC2A36086B00C2567D /* GlobusView.swift */,
			);
			path = GlobusView;
			sourceTree = "<group>";
		};
		9DBEE6AE2A3608E300C2567D /* RenderEngine */ = {
			isa = PBXGroup;
			children = (
				9DBEE6AF2A36091C00C2567D /* RenderEngine.swift */,
			);
			path = RenderEngine;
			sourceTree = "<group>";
		};
		9DBEE6B12A360CF600C2567D /* Shaders */ = {
			isa = PBXGroup;
			children = (
				9DBEE6B22A360D1500C2567D /* GeneralShader.metal */,
			);
			path = Shaders;
			sourceTree = "<group>";
		};
/* End PBXGroup section */

/* Begin PBXNativeTarget section */
		9DBEE6982A3607B900C2567D /* Globus */ = {
			isa = PBXNativeTarget;
			buildConfigurationList = 9DBEE6A82A3607BA00C2567D /* Build configuration list for PBXNativeTarget "Globus" */;
			buildPhases = (
				9DBEE6952A3607B900C2567D /* Sources */,
				9DBEE6962A3607B900C2567D /* Frameworks */,
				9DBEE6972A3607B900C2567D /* Resources */,
			);
			buildRules = (
			);
			dependencies = (
			);
			name = Globus;
			productName = Globus;
			productReference = 9DBEE6992A3607B900C2567D /* Globus.app */;
			productType = "com.apple.product-type.application";
		};
/* End PBXNativeTarget section */

/* Begin PBXProject section */
		9DBEE6912A3607B900C2567D /* Project object */ = {
			isa = PBXProject;
			attributes = {
				BuildIndependentTargetsInParallel = 1;
				LastSwiftUpdateCheck = 1430;
				LastUpgradeCheck = 1430;
				TargetAttributes = {
					9DBEE6982A3607B900C2567D = {
						CreatedOnToolsVersion = 14.3;
					};
				};
			};
			buildConfigurationList = 9DBEE6942A3607B900C2567D /* Build configuration list for PBXProject "Globus" */;
			compatibilityVersion = "Xcode 14.0";
			developmentRegion = en;
			hasScannedForEncodings = 0;
			knownRegions = (
				en,
				Base,
			);
			mainGroup = 9DBEE6902A3607B900C2567D;
			productRefGroup = 9DBEE69A2A3607B900C2567D /* Products */;
			projectDirPath = "";
			projectRoot = "";
			targets = (
				9DBEE6982A3607B900C2567D /* Globus */,
			);
		};
/* End PBXProject section */

/* Begin PBXResourcesBuildPhase section */
		9DBEE6972A3607B900C2567D /* Resources */ = {
			isa = PBXResourcesBuildPhase;
			buildActionMask = 2147483647;
			files = (
				9D80DEC52AAA3CEA008BE792 /* 3-7-6_rect.png in Resources */,
				9D80DEEB2AAA3CEA008BE792 /* 3-6-0_rect.png in Resources */,
				9D80DEB22AAA3CEA008BE792 /* 3-7-1_rect.png in Resources */,
				9D80DEBC2AAA3CEA008BE792 /* 3-4-1_rect.png in Resources */,
				9D0AB9742A8170F900946AF1 /* mapTexture.png in Resources */,
				9D80DEBD2AAA3CEA008BE792 /* 3-7-5_rect.png in Resources */,
				9D80DEED2AAA3CEA008BE792 /* 3-6-3_rect.png in Resources */,
				9D80DEB62AAA3CEA008BE792 /* 3-5-3_rect.png in Resources */,
				9D80DEE52AAA3CEA008BE792 /* 3-3-4_rect.png in Resources */,
				9D80DED42AAA3CEA008BE792 /* 3-6-1_rect.png in Resources */,
				9D80DEE82AAA3CEA008BE792 /* 3-6-4_rect.png in Resources */,
				9D80DEB82AAA3CEA008BE792 /* 3-6-7_rect.png in Resources */,
				9D80DECF2AAA3CEA008BE792 /* 3-4-0_rect.png in Resources */,
				9D80DECB2AAA3CEA008BE792 /* 3-5-7_rect.png in Resources */,
				9D80DEC72AAA3CEA008BE792 /* 3-1-7_rect.png in Resources */,
				9D80DED12AAA3CEA008BE792 /* 3-1-2_rect.png in Resources */,
				9D80DEEE2AAA3CEA008BE792 /* 3-3-1_rect.png in Resources */,
				9D80DEE02AAA3CEA008BE792 /* 3-6-2_rect.png in Resources */,
				9D80DEDB2AAA3CEA008BE792 /* 3-0-1_rect.png in Resources */,
				9D80DED72AAA3CEA008BE792 /* 3-5-0_rect.png in Resources */,
				9D80DED52AAA3CEA008BE792 /* 3-5-4_rect.png in Resources */,
				9D80DEE12AAA3CEA008BE792 /* 3-1-4_rect.png in Resources */,
				9D80DEBB2AAA3CEA008BE792 /* 3-4-5_rect.png in Resources */,
				9D80DEC92AAA3CEA008BE792 /* 3-1-1_rect.png in Resources */,
				9D80DEDE2AAA3CEA008BE792 /* 3-2-2_rect.png in Resources */,
				9D80DEC12AAA3CEA008BE792 /* 3-6-6_rect.png in Resources */,
				9D80DEDD2AAA3CEA008BE792 /* 3-7-2_rect.png in Resources */,
				9DBEE6A52A3607BA00C2567D /* Preview Assets.xcassets in Resources */,
				9D80DEDF2AAA3CEA008BE792 /* 3-5-1_rect.png in Resources */,
				9D80DEB32AAA3CEA008BE792 /* 3-4-4_rect.png in Resources */,
				9D80DEB52AAA3CEA008BE792 /* 3-3-2_rect.png in Resources */,
				9D80DEE92AAA3CEA008BE792 /* 3-4-3_rect.png in Resources */,
				9D80DEDA2AAA3CEA008BE792 /* 3-0-2_rect.png in Resources */,
				9D80DEEC2AAA3CEA008BE792 /* 3-5-2_rect.png in Resources */,
				9D80DECE2AAA3CEA008BE792 /* 3-0-3_rect.png in Resources */,
				9D80DEC62AAA3CEA008BE792 /* 3-2-5_rect.png in Resources */,
				9D80DED32AAA3CEA008BE792 /* 3-0-0_rect.png in Resources */,
				9D80DEE72AAA3CEA008BE792 /* 3-3-5_rect.png in Resources */,
				9D80DEC82AAA3CEA008BE792 /* 3-0-6_rect.png in Resources */,
				9D80DECD2AAA3CEA008BE792 /* 3-0-4_rect.png in Resources */,
				9D80DED22AAA3CEA008BE792 /* 3-2-7_rect.png in Resources */,
				9D80DEBF2AAA3CEA008BE792 /* 3-5-6_rect.png in Resources */,
				9D80DED62AAA3CEA008BE792 /* 3-4-2_rect.png in Resources */,
				9D80DEB12AAA3CEA008BE792 /* 3-0-5_rect.png in Resources */,
				9D80DED82AAA3CEA008BE792 /* 3-7-7_rect.png in Resources */,
				9D80DECC2AAA3CEA008BE792 /* 3-1-6_rect.png in Resources */,
				9D80DEE22AAA3CEA008BE792 /* 3-2-1_rect.png in Resources */,
				9D80DEC22AAA3CEA008BE792 /* 3-5-5_rect.png in Resources */,
				9DBEE6A12A3607BA00C2567D /* Assets.xcassets in Resources */,
				9D80DED92AAA3CEA008BE792 /* 3-1-5_rect.png in Resources */,
				9D80DEE42AAA3CEA008BE792 /* 3-3-7_rect.png in Resources */,
				9D80DEC02AAA3CEA008BE792 /* 3-3-3_rect.png in Resources */,
				9D80DED02AAA3CEA008BE792 /* 3-3-6_rect.png in Resources */,
				9D80DEB92AAA3CEA008BE792 /* 3-2-4_rect.png in Resources */,
				9D80DEEF2AAA3CEA008BE792 /* 3-6-5_rect.png in Resources */,
				9D80DEB42AAA3CEA008BE792 /* 3-3-0_rect.png in Resources */,
				9D80DEEA2AAA3CEA008BE792 /* 3-7-3_rect.png in Resources */,
				9D80DEB72AAA3CEA008BE792 /* 3-2-0_rect.png in Resources */,
				9D80DEC42AAA3CEA008BE792 /* 3-4-7_rect.png in Resources */,
				9D80DEBE2AAA3CEA008BE792 /* 3-4-6_rect.png in Resources */,
				9D80DEC32AAA3CEA008BE792 /* 3-1-0_rect.png in Resources */,
				9D65F37C2A8F5EA4001C299E /* map_equirectangular.png in Resources */,
				9D80DECA2AAA3CEA008BE792 /* 3-2-6_rect.png in Resources */,
				9D80DEE62AAA3CEA008BE792 /* 3-0-7_rect.png in Resources */,
				9D80DEDC2AAA3CEA008BE792 /* 3-7-0_rect.png in Resources */,
				9D80DEBA2AAA3CEA008BE792 /* 3-2-3_rect.png in Resources */,
				9D80DEE32AAA3CEA008BE792 /* 3-7-4_rect.png in Resources */,
				9D80DEB02AAA3CEA008BE792 /* 3-1-3_rect.png in Resources */,
			);
			runOnlyForDeploymentPostprocessing = 0;
		};
/* End PBXResourcesBuildPhase section */

/* Begin PBXSourcesBuildPhase section */
		9DBEE6952A3607B900C2567D /* Sources */ = {
			isa = PBXSourcesBuildPhase;
			buildActionMask = 2147483647;
			files = (
				9D0AB97A2A81780700946AF1 /* TexturesIndex+Extensions.swift in Sources */,
				9DBEE69F2A3607B900C2567D /* ContentView.swift in Sources */,
				9DBEE6B32A360D1500C2567D /* GeneralShader.metal in Sources */,
				9D22CF552A3B6F26001EE215 /* GlobusSphere.swift in Sources */,
				9D6B35F22A54B112004D5A10 /* MathLibrary.swift in Sources */,
				9DBEE6AD2A36086B00C2567D /* GlobusView.swift in Sources */,
				9DBEE69D2A3607B900C2567D /* GlobusApp.swift in Sources */,
				9D80DEF22AAA3E31008BE792 /* Tile.swift in Sources */,
				9DBEE6B02A36091C00C2567D /* RenderEngine.swift in Sources */,
				9D0AB9772A8176A200946AF1 /* TextureController.swift in Sources */,
			);
			runOnlyForDeploymentPostprocessing = 0;
		};
/* End PBXSourcesBuildPhase section */

/* Begin XCBuildConfiguration section */
		9DBEE6A62A3607BA00C2567D /* Debug */ = {
			isa = XCBuildConfiguration;
			buildSettings = {
				ALWAYS_SEARCH_USER_PATHS = NO;
				CLANG_ANALYZER_NONNULL = YES;
				CLANG_ANALYZER_NUMBER_OBJECT_CONVERSION = YES_AGGRESSIVE;
				CLANG_CXX_LANGUAGE_STANDARD = "gnu++20";
				CLANG_ENABLE_MODULES = YES;
				CLANG_ENABLE_OBJC_ARC = YES;
				CLANG_ENABLE_OBJC_WEAK = YES;
				CLANG_WARN_BLOCK_CAPTURE_AUTORELEASING = YES;
				CLANG_WARN_BOOL_CONVERSION = YES;
				CLANG_WARN_COMMA = YES;
				CLANG_WARN_CONSTANT_CONVERSION = YES;
				CLANG_WARN_DEPRECATED_OBJC_IMPLEMENTATIONS = YES;
				CLANG_WARN_DIRECT_OBJC_ISA_USAGE = YES_ERROR;
				CLANG_WARN_DOCUMENTATION_COMMENTS = YES;
				CLANG_WARN_EMPTY_BODY = YES;
				CLANG_WARN_ENUM_CONVERSION = YES;
				CLANG_WARN_INFINITE_RECURSION = YES;
				CLANG_WARN_INT_CONVERSION = YES;
				CLANG_WARN_NON_LITERAL_NULL_CONVERSION = YES;
				CLANG_WARN_OBJC_IMPLICIT_RETAIN_SELF = YES;
				CLANG_WARN_OBJC_LITERAL_CONVERSION = YES;
				CLANG_WARN_OBJC_ROOT_CLASS = YES_ERROR;
				CLANG_WARN_QUOTED_INCLUDE_IN_FRAMEWORK_HEADER = YES;
				CLANG_WARN_RANGE_LOOP_ANALYSIS = YES;
				CLANG_WARN_STRICT_PROTOTYPES = YES;
				CLANG_WARN_SUSPICIOUS_MOVE = YES;
				CLANG_WARN_UNGUARDED_AVAILABILITY = YES_AGGRESSIVE;
				CLANG_WARN_UNREACHABLE_CODE = YES;
				CLANG_WARN__DUPLICATE_METHOD_MATCH = YES;
				COPY_PHASE_STRIP = NO;
				DEBUG_INFORMATION_FORMAT = dwarf;
				ENABLE_STRICT_OBJC_MSGSEND = YES;
				ENABLE_TESTABILITY = YES;
				GCC_C_LANGUAGE_STANDARD = gnu11;
				GCC_DYNAMIC_NO_PIC = NO;
				GCC_NO_COMMON_BLOCKS = YES;
				GCC_OPTIMIZATION_LEVEL = 0;
				GCC_PREPROCESSOR_DEFINITIONS = (
					"DEBUG=1",
					"$(inherited)",
				);
				GCC_WARN_64_TO_32_BIT_CONVERSION = YES;
				GCC_WARN_ABOUT_RETURN_TYPE = YES_ERROR;
				GCC_WARN_UNDECLARED_SELECTOR = YES;
				GCC_WARN_UNINITIALIZED_AUTOS = YES_AGGRESSIVE;
				GCC_WARN_UNUSED_FUNCTION = YES;
				GCC_WARN_UNUSED_VARIABLE = YES;
				MTL_ENABLE_DEBUG_INFO = INCLUDE_SOURCE;
				MTL_FAST_MATH = YES;
				ONLY_ACTIVE_ARCH = YES;
				SWIFT_ACTIVE_COMPILATION_CONDITIONS = DEBUG;
				SWIFT_OBJC_BRIDGING_HEADER = Globus/General.h;
				SWIFT_OPTIMIZATION_LEVEL = "-Onone";
			};
			name = Debug;
		};
		9DBEE6A72A3607BA00C2567D /* Release */ = {
			isa = XCBuildConfiguration;
			buildSettings = {
				ALWAYS_SEARCH_USER_PATHS = NO;
				CLANG_ANALYZER_NONNULL = YES;
				CLANG_ANALYZER_NUMBER_OBJECT_CONVERSION = YES_AGGRESSIVE;
				CLANG_CXX_LANGUAGE_STANDARD = "gnu++20";
				CLANG_ENABLE_MODULES = YES;
				CLANG_ENABLE_OBJC_ARC = YES;
				CLANG_ENABLE_OBJC_WEAK = YES;
				CLANG_WARN_BLOCK_CAPTURE_AUTORELEASING = YES;
				CLANG_WARN_BOOL_CONVERSION = YES;
				CLANG_WARN_COMMA = YES;
				CLANG_WARN_CONSTANT_CONVERSION = YES;
				CLANG_WARN_DEPRECATED_OBJC_IMPLEMENTATIONS = YES;
				CLANG_WARN_DIRECT_OBJC_ISA_USAGE = YES_ERROR;
				CLANG_WARN_DOCUMENTATION_COMMENTS = YES;
				CLANG_WARN_EMPTY_BODY = YES;
				CLANG_WARN_ENUM_CONVERSION = YES;
				CLANG_WARN_INFINITE_RECURSION = YES;
				CLANG_WARN_INT_CONVERSION = YES;
				CLANG_WARN_NON_LITERAL_NULL_CONVERSION = YES;
				CLANG_WARN_OBJC_IMPLICIT_RETAIN_SELF = YES;
				CLANG_WARN_OBJC_LITERAL_CONVERSION = YES;
				CLANG_WARN_OBJC_ROOT_CLASS = YES_ERROR;
				CLANG_WARN_QUOTED_INCLUDE_IN_FRAMEWORK_HEADER = YES;
				CLANG_WARN_RANGE_LOOP_ANALYSIS = YES;
				CLANG_WARN_STRICT_PROTOTYPES = YES;
				CLANG_WARN_SUSPICIOUS_MOVE = YES;
				CLANG_WARN_UNGUARDED_AVAILABILITY = YES_AGGRESSIVE;
				CLANG_WARN_UNREACHABLE_CODE = YES;
				CLANG_WARN__DUPLICATE_METHOD_MATCH = YES;
				COPY_PHASE_STRIP = NO;
				DEBUG_INFORMATION_FORMAT = "dwarf-with-dsym";
				ENABLE_NS_ASSERTIONS = NO;
				ENABLE_STRICT_OBJC_MSGSEND = YES;
				GCC_C_LANGUAGE_STANDARD = gnu11;
				GCC_NO_COMMON_BLOCKS = YES;
				GCC_WARN_64_TO_32_BIT_CONVERSION = YES;
				GCC_WARN_ABOUT_RETURN_TYPE = YES_ERROR;
				GCC_WARN_UNDECLARED_SELECTOR = YES;
				GCC_WARN_UNINITIALIZED_AUTOS = YES_AGGRESSIVE;
				GCC_WARN_UNUSED_FUNCTION = YES;
				GCC_WARN_UNUSED_VARIABLE = YES;
				MTL_ENABLE_DEBUG_INFO = NO;
				MTL_FAST_MATH = YES;
				SWIFT_COMPILATION_MODE = wholemodule;
				SWIFT_OBJC_BRIDGING_HEADER = Globus/General.h;
				SWIFT_OPTIMIZATION_LEVEL = "-O";
			};
			name = Release;
		};
		9DBEE6A92A3607BA00C2567D /* Debug */ = {
			isa = XCBuildConfiguration;
			buildSettings = {
				ASSETCATALOG_COMPILER_APPICON_NAME = AppIcon;
				ASSETCATALOG_COMPILER_GLOBAL_ACCENT_COLOR_NAME = AccentColor;
				CODE_SIGN_ENTITLEMENTS = Globus/Globus.entitlements;
				CODE_SIGN_STYLE = Automatic;
				CURRENT_PROJECT_VERSION = 1;
				DEVELOPMENT_ASSET_PATHS = "\"Globus/Preview Content\"";
				DEVELOPMENT_TEAM = V4LV384HQ2;
				ENABLE_HARDENED_RUNTIME = YES;
				ENABLE_PREVIEWS = YES;
				GENERATE_INFOPLIST_FILE = YES;
				"INFOPLIST_KEY_UIApplicationSceneManifest_Generation[sdk=iphoneos*]" = YES;
				"INFOPLIST_KEY_UIApplicationSceneManifest_Generation[sdk=iphonesimulator*]" = YES;
				"INFOPLIST_KEY_UIApplicationSupportsIndirectInputEvents[sdk=iphoneos*]" = YES;
				"INFOPLIST_KEY_UIApplicationSupportsIndirectInputEvents[sdk=iphonesimulator*]" = YES;
				"INFOPLIST_KEY_UILaunchScreen_Generation[sdk=iphoneos*]" = YES;
				"INFOPLIST_KEY_UILaunchScreen_Generation[sdk=iphonesimulator*]" = YES;
				"INFOPLIST_KEY_UIStatusBarStyle[sdk=iphoneos*]" = UIStatusBarStyleDefault;
				"INFOPLIST_KEY_UIStatusBarStyle[sdk=iphonesimulator*]" = UIStatusBarStyleDefault;
				INFOPLIST_KEY_UISupportedInterfaceOrientations_iPad = "UIInterfaceOrientationPortrait UIInterfaceOrientationPortraitUpsideDown UIInterfaceOrientationLandscapeLeft UIInterfaceOrientationLandscapeRight";
				INFOPLIST_KEY_UISupportedInterfaceOrientations_iPhone = "UIInterfaceOrientationPortrait UIInterfaceOrientationLandscapeLeft UIInterfaceOrientationLandscapeRight";
				IPHONEOS_DEPLOYMENT_TARGET = 16.4;
				LD_RUNPATH_SEARCH_PATHS = "@executable_path/Frameworks";
				"LD_RUNPATH_SEARCH_PATHS[sdk=macosx*]" = "@executable_path/../Frameworks";
				MACOSX_DEPLOYMENT_TARGET = 13.3;
				MARKETING_VERSION = 1.0;
				PRODUCT_BUNDLE_IDENTIFIER = com.alex.com.Globus;
				PRODUCT_NAME = "$(TARGET_NAME)";
				SDKROOT = auto;
				SUPPORTED_PLATFORMS = "iphoneos iphonesimulator macosx";
				SWIFT_EMIT_LOC_STRINGS = YES;
				SWIFT_VERSION = 5.0;
				TARGETED_DEVICE_FAMILY = "1,2";
			};
			name = Debug;
		};
		9DBEE6AA2A3607BA00C2567D /* Release */ = {
			isa = XCBuildConfiguration;
			buildSettings = {
				ASSETCATALOG_COMPILER_APPICON_NAME = AppIcon;
				ASSETCATALOG_COMPILER_GLOBAL_ACCENT_COLOR_NAME = AccentColor;
				CODE_SIGN_ENTITLEMENTS = Globus/Globus.entitlements;
				CODE_SIGN_STYLE = Automatic;
				CURRENT_PROJECT_VERSION = 1;
				DEVELOPMENT_ASSET_PATHS = "\"Globus/Preview Content\"";
				DEVELOPMENT_TEAM = V4LV384HQ2;
				ENABLE_HARDENED_RUNTIME = YES;
				ENABLE_PREVIEWS = YES;
				GENERATE_INFOPLIST_FILE = YES;
				"INFOPLIST_KEY_UIApplicationSceneManifest_Generation[sdk=iphoneos*]" = YES;
				"INFOPLIST_KEY_UIApplicationSceneManifest_Generation[sdk=iphonesimulator*]" = YES;
				"INFOPLIST_KEY_UIApplicationSupportsIndirectInputEvents[sdk=iphoneos*]" = YES;
				"INFOPLIST_KEY_UIApplicationSupportsIndirectInputEvents[sdk=iphonesimulator*]" = YES;
				"INFOPLIST_KEY_UILaunchScreen_Generation[sdk=iphoneos*]" = YES;
				"INFOPLIST_KEY_UILaunchScreen_Generation[sdk=iphonesimulator*]" = YES;
				"INFOPLIST_KEY_UIStatusBarStyle[sdk=iphoneos*]" = UIStatusBarStyleDefault;
				"INFOPLIST_KEY_UIStatusBarStyle[sdk=iphonesimulator*]" = UIStatusBarStyleDefault;
				INFOPLIST_KEY_UISupportedInterfaceOrientations_iPad = "UIInterfaceOrientationPortrait UIInterfaceOrientationPortraitUpsideDown UIInterfaceOrientationLandscapeLeft UIInterfaceOrientationLandscapeRight";
				INFOPLIST_KEY_UISupportedInterfaceOrientations_iPhone = "UIInterfaceOrientationPortrait UIInterfaceOrientationLandscapeLeft UIInterfaceOrientationLandscapeRight";
				IPHONEOS_DEPLOYMENT_TARGET = 16.4;
				LD_RUNPATH_SEARCH_PATHS = "@executable_path/Frameworks";
				"LD_RUNPATH_SEARCH_PATHS[sdk=macosx*]" = "@executable_path/../Frameworks";
				MACOSX_DEPLOYMENT_TARGET = 13.3;
				MARKETING_VERSION = 1.0;
				PRODUCT_BUNDLE_IDENTIFIER = com.alex.com.Globus;
				PRODUCT_NAME = "$(TARGET_NAME)";
				SDKROOT = auto;
				SUPPORTED_PLATFORMS = "iphoneos iphonesimulator macosx";
				SWIFT_EMIT_LOC_STRINGS = YES;
				SWIFT_VERSION = 5.0;
				TARGETED_DEVICE_FAMILY = "1,2";
			};
			name = Release;
		};
/* End XCBuildConfiguration section */

/* Begin XCConfigurationList section */
		9DBEE6942A3607B900C2567D /* Build configuration list for PBXProject "Globus" */ = {
			isa = XCConfigurationList;
			buildConfigurations = (
				9DBEE6A62A3607BA00C2567D /* Debug */,
				9DBEE6A72A3607BA00C2567D /* Release */,
			);
			defaultConfigurationIsVisible = 0;
			defaultConfigurationName = Release;
		};
		9DBEE6A82A3607BA00C2567D /* Build configuration list for PBXNativeTarget "Globus" */ = {
			isa = XCConfigurationList;
			buildConfigurations = (
				9DBEE6A92A3607BA00C2567D /* Debug */,
				9DBEE6AA2A3607BA00C2567D /* Release */,
			);
			defaultConfigurationIsVisible = 0;
			defaultConfigurationName = Release;
		};
/* End XCConfigurationList section */
	};
	rootObject = 9DBEE6912A3607B900C2567D /* Project object */;
}
